
Microsoft Visual Studio Solution File, Format Version 12.00
# Visual Studio Version 17
VisualStudioVersion = 17.6.33801.468
MinimumVisualStudioVersion = 10.0.40219.1
Project("{FAE04EC0-301F-11D3-BF4B-00C04F79EFBC}") = "AppNetCore01.Web", "AppNetCore01.Web\AppNetCore01.Web.csproj", "{B75DE58E-E63D-4A45-8086-C4887E5CC666}"
EndProject
Project("{FAE04EC0-301F-11D3-BF4B-00C04F79EFBC}") = "AppNetCore01.DataLayer", "AppNetCore01.DataLayer\AppNetCore01.DataLayer.csproj", "{73B4B565-04E0-41BE-A4F9-32660C5849D2}"
EndProject
Project("{FAE04EC0-301F-11D3-BF4B-00C04F79EFBC}") = "AppNetCore01.Models", "AppNetCore01.Models\AppNetCore01.Models.csproj", "{24ADC6FA-EDA0-4317-9887-B31893CC2AF0}"
EndProject
Global
	GlobalSection(SolutionConfigurationPlatforms) = preSolution
		Debug|Any CPU = Debug|Any CPU
		Release|Any CPU = Release|Any CPU
	EndGlobalSection
	GlobalSection(ProjectConfigurationPlatforms) = postSolution
		{B75DE58E-E63D-4A45-8086-C4887E5CC666}.Debug|Any CPU.ActiveCfg = Debug|Any CPU
		{B75DE58E-E63D-4A45-8086-C4887E5CC666}.Debug|Any CPU.Build.0 = Debug|Any CPU
		{B75DE58E-E63D-4A45-8086-C4887E5CC666}.Release|Any CPU.ActiveCfg = Release|Any CPU
		{B75DE58E-E63D-4A45-8086-C4887E5CC666}.Release|Any CPU.Build.0 = Release|Any CPU
		{73B4B565-04E0-41BE-A4F9-32660C5849D2}.Debug|Any CPU.ActiveCfg = Debug|Any CPU
		{73B4B565-04E0-41BE-A4F9-32660C5849D2}.Debug|Any CPU.Build.0 = Debug|Any CPU
		{73B4B565-04E0-41BE-A4F9-32660C5849D2}.Release|Any CPU.ActiveCfg = Release|Any CPU
		{73B4B565-04E0-41BE-A4F9-32660C5849D2}.Release|Any CPU.Build.0 = Release|Any CPU
		{24ADC6FA-EDA0-4317-9887-B31893CC2AF0}.Debug|Any CPU.ActiveCfg = Debug|Any CPU
		{24ADC6FA-EDA0-4317-9887-B31893CC2AF0}.Debug|Any CPU.Build.0 = Debug|Any CPU
		{24ADC6FA-EDA0-4317-9887-B31893CC2AF0}.Release|Any CPU.ActiveCfg = Release|Any CPU
		{24ADC6FA-EDA0-4317-9887-B31893CC2AF0}.Release|Any CPU.Build.0 = Release|Any CPU
	EndGlobalSection
	GlobalSection(SolutionProperties) = preSolution
		HideSolutionNode = FALSE
	EndGlobalSection
	GlobalSection(ExtensibilityGlobals) = postSolution
		SolutionGuid = {0F862C4E-D89A-4736-A05F-CE517EBA0564}
	EndGlobalSection
EndGlobal
